github.com/beranek1/godatainterface v0.0.0-20230107092152-730849116494 h1:sgDsYddoU6iUWIQC1vnlIBS5CMaIUDwy8NsnQV4bliE=
github.com/beranek1/godatainterface v0.0.0-20230107092152-730849116494/go.mod h1:hMCXpvMriz5cMaQnzwJPcbZq57Byb1yTutvd56jMGmA=
github.com/beranek1/godatainterface v0.0.0-20230107092728-6687f72aae9d h1:qfldrROd4VGPBmIq4Q0b0uu3Ms2x25Qn6d37l7zObmA=
github.com/beranek1/godatainterface v0.0.0-20230107092728-6687f72aae9d/go.mod h1:UVuV0xVRfKfAQNJRM3hqc6KKMcpjJ7NSaYmsJvCGc8Y=
